
Microsoft Visual Studio Solution File, Format Version 12.00
# Visual Studio Version 17
VisualStudioVersion = 17.9.34728.123
MinimumVisualStudioVersion = 10.0.40219.1
Project("{9A19103F-16F7-4668-BE54-9A1E7A4F7556}") = "EmailAPI.Service", "EmailAPI.Service\EmailAPI.Service.csproj", "{19E95B62-6372-472D-B879-CA0C5773EDBE}"
EndProject
Project("{2150E333-8FDC-42A3-9474-1A3956D46DE8}") = "API", "API", "{07FE1B97-A89B-47A1-905A-16E2FE7C24A1}"
EndProject
Project("{2150E333-8FDC-42A3-9474-1A3956D46DE8}") = "DDD", "DDD", "{ADC16219-B99D-4DBE-865F-C900269A48D2}"
EndProject
Project("{2150E333-8FDC-42A3-9474-1A3956D46DE8}") = "Application", "Application", "{126B6068-6AD2-4F25-BBCC-49A8A931B6C2}"
EndProject
Project("{2150E333-8FDC-42A3-9474-1A3956D46DE8}") = "Domain", "Domain", "{7D8005D8-AD5F-4A91-90F0-E88877D890ED}"
EndProject
Project("{2150E333-8FDC-42A3-9474-1A3956D46DE8}") = "InfraStructure", "InfraStructure", "{47696249-2F32-4003-AA2B-D5C7FD809531}"
EndProject
Project("{9A19103F-16F7-4668-BE54-9A1E7A4F7556}") = "EmailAPI.Infra.IoC", "EmailAPI.Infra.IoC\EmailAPI.Infra.IoC.csproj", "{31AD9C64-97B1-4055-985C-421F7533FE6E}"
EndProject
Project("{9A19103F-16F7-4668-BE54-9A1E7A4F7556}") = "EmailAPI.Domain", "EmailAPI.Domain\EmailAPI.Domain.csproj", "{21FEFA6B-64CA-4F33-944D-409435ED0119}"
EndProject
Project("{9A19103F-16F7-4668-BE54-9A1E7A4F7556}") = "EmailAPI.Application", "EmailAPI.Application\EmailAPI.Application.csproj", "{E77B0415-7718-4DCE-BACC-8F89856AB325}"
EndProject
Project("{FAE04EC0-301F-11D3-BF4B-00C04F79EFBC}") = "EmailAPI.Infra.Securities", "EmailAPI.Infra.Securities\EmailAPI.Infra.Securities.csproj", "{0783B2A5-4F97-47D2-9C88-AF33715C7A4F}"
EndProject
Global
	GlobalSection(SolutionConfigurationPlatforms) = preSolution
		Debug|Any CPU = Debug|Any CPU
		Release|Any CPU = Release|Any CPU
	EndGlobalSection
	GlobalSection(ProjectConfigurationPlatforms) = postSolution
		{19E95B62-6372-472D-B879-CA0C5773EDBE}.Debug|Any CPU.ActiveCfg = Debug|Any CPU
		{19E95B62-6372-472D-B879-CA0C5773EDBE}.Debug|Any CPU.Build.0 = Debug|Any CPU
		{19E95B62-6372-472D-B879-CA0C5773EDBE}.Release|Any CPU.ActiveCfg = Release|Any CPU
		{19E95B62-6372-472D-B879-CA0C5773EDBE}.Release|Any CPU.Build.0 = Release|Any CPU
		{31AD9C64-97B1-4055-985C-421F7533FE6E}.Debug|Any CPU.ActiveCfg = Debug|Any CPU
		{31AD9C64-97B1-4055-985C-421F7533FE6E}.Debug|Any CPU.Build.0 = Debug|Any CPU
		{31AD9C64-97B1-4055-985C-421F7533FE6E}.Release|Any CPU.ActiveCfg = Release|Any CPU
		{31AD9C64-97B1-4055-985C-421F7533FE6E}.Release|Any CPU.Build.0 = Release|Any CPU
		{21FEFA6B-64CA-4F33-944D-409435ED0119}.Debug|Any CPU.ActiveCfg = Debug|Any CPU
		{21FEFA6B-64CA-4F33-944D-409435ED0119}.Debug|Any CPU.Build.0 = Debug|Any CPU
		{21FEFA6B-64CA-4F33-944D-409435ED0119}.Release|Any CPU.ActiveCfg = Release|Any CPU
		{21FEFA6B-64CA-4F33-944D-409435ED0119}.Release|Any CPU.Build.0 = Release|Any CPU
		{E77B0415-7718-4DCE-BACC-8F89856AB325}.Debug|Any CPU.ActiveCfg = Debug|Any CPU
		{E77B0415-7718-4DCE-BACC-8F89856AB325}.Debug|Any CPU.Build.0 = Debug|Any CPU
		{E77B0415-7718-4DCE-BACC-8F89856AB325}.Release|Any CPU.ActiveCfg = Release|Any CPU
		{E77B0415-7718-4DCE-BACC-8F89856AB325}.Release|Any CPU.Build.0 = Release|Any CPU
		{0783B2A5-4F97-47D2-9C88-AF33715C7A4F}.Debug|Any CPU.ActiveCfg = Debug|Any CPU
		{0783B2A5-4F97-47D2-9C88-AF33715C7A4F}.Debug|Any CPU.Build.0 = Debug|Any CPU
		{0783B2A5-4F97-47D2-9C88-AF33715C7A4F}.Release|Any CPU.ActiveCfg = Release|Any CPU
		{0783B2A5-4F97-47D2-9C88-AF33715C7A4F}.Release|Any CPU.Build.0 = Release|Any CPU
	EndGlobalSection
	GlobalSection(SolutionProperties) = preSolution
		HideSolutionNode = FALSE
	EndGlobalSection
	GlobalSection(NestedProjects) = preSolution
		{19E95B62-6372-472D-B879-CA0C5773EDBE} = {07FE1B97-A89B-47A1-905A-16E2FE7C24A1}
		{126B6068-6AD2-4F25-BBCC-49A8A931B6C2} = {ADC16219-B99D-4DBE-865F-C900269A48D2}
		{7D8005D8-AD5F-4A91-90F0-E88877D890ED} = {ADC16219-B99D-4DBE-865F-C900269A48D2}
		{47696249-2F32-4003-AA2B-D5C7FD809531} = {ADC16219-B99D-4DBE-865F-C900269A48D2}
		{31AD9C64-97B1-4055-985C-421F7533FE6E} = {47696249-2F32-4003-AA2B-D5C7FD809531}
		{21FEFA6B-64CA-4F33-944D-409435ED0119} = {7D8005D8-AD5F-4A91-90F0-E88877D890ED}
		{E77B0415-7718-4DCE-BACC-8F89856AB325} = {126B6068-6AD2-4F25-BBCC-49A8A931B6C2}
		{0783B2A5-4F97-47D2-9C88-AF33715C7A4F} = {47696249-2F32-4003-AA2B-D5C7FD809531}
	EndGlobalSection
	GlobalSection(ExtensibilityGlobals) = postSolution
		SolutionGuid = {84E31D71-EE55-4AD0-8851-280D9CEC1112}
	EndGlobalSection
EndGlobal
